<?xml version="1.0" encoding="utf-8"?>
<Project ToolsVersion="4.0" xmlns="http://schemas.microsoft.com/developer/msbuild/2003">
  <ItemGroup>
    <Filter Include="src">
      <UniqueIdentifier>{c85ae5ee-7e78-45a4-8898-e63148822762}</UniqueIdentifier>
    </Filter>
    <Filter Include="src\Math">
      <UniqueIdentifier>{2d4fbe9c-614e-4b7c-81b3-984804c35f58}</UniqueIdentifier>
    </Filter>
    <Filter Include="src\Game">
      <UniqueIdentifier>{0fdf1962-248d-4db0-87f4-c5203dc055cf}</UniqueIdentifier>
    </Filter>
    <Filter Include="src\File">
      <UniqueIdentifier>{0e694e29-3a70-4ac8-8001-6683693ca665}</UniqueIdentifier>
    </Filter>
  </ItemGroup>
  <ItemGroup>
    <ClCompile Include="src\main.cpp">
      <Filter>src</Filter>
    </ClCompile>
    <ClCompile Include="src\LLM_math.cpp">
      <Filter>src\Math</Filter>
    </ClCompile>
    <ClCompile Include="src\file_manager.cpp">
      <Filter>src\File</Filter>
    </ClCompile>
  </ItemGroup>
  <ItemGroup>
    <ClInclude Include="src\LLM_math.h">
      <Filter>src\Math</Filter>
    </ClInclude>
    <ClInclude Include="src\file_manager.h">
      <Filter>src\File</Filter>
    </ClInclude>
  </ItemGroup>
</Project>