<?xml version="1.0" encoding="utf-8"?>
<Project ToolsVersion="4.0" xmlns="http://schemas.microsoft.com/developer/msbuild/2003">
  <ItemGroup>
    <Filter Include="src">
      <UniqueIdentifier>{c85ae5ee-7e78-45a4-8898-e63148822762}</UniqueIdentifier>
    </Filter>
    <Filter Include="src\Math">
      <UniqueIdentifier>{2d4fbe9c-614e-4b7c-81b3-984804c35f58}</UniqueIdentifier>
    </Filter>
    <Filter Include="src\Game">
      <UniqueIdentifier>{0fdf1962-248d-4db0-87f4-c5203dc055cf}</UniqueIdentifier>
    </Filter>
    <Filter Include="src\File">
      <UniqueIdentifier>{0e694e29-3a70-4ac8-8001-6683693ca665}</UniqueIdentifier>
    </Filter>
    <Filter Include="src\Game\Physics">
      <UniqueIdentifier>{18695702-b767-489e-a60f-f4ef5ed9c2ae}</UniqueIdentifier>
    </Filter>
    <Filter Include="src\Game\Physics\Rigibody">
      <UniqueIdentifier>{03f831a1-5245-472f-bfb3-9bfcb5cfbafd}</UniqueIdentifier>
    </Filter>
    <Filter Include="src\Game\Physics\Collisions">
      <UniqueIdentifier>{2663f5a2-ea6c-4524-8cc1-26e5f7c08452}</UniqueIdentifier>
    </Filter>
    <Filter Include="src\Game\Physics\Transform">
      <UniqueIdentifier>{606ebd37-7902-4467-89b6-2b24e4b52125}</UniqueIdentifier>
    </Filter>
    <Filter Include="src\Game\Globals">
      <UniqueIdentifier>{9bd79bbc-3844-47c6-94c5-13b18b4d231f}</UniqueIdentifier>
    </Filter>
    <Filter Include="src\Math\Shape">
      <UniqueIdentifier>{a50cba79-ff66-4f16-ab44-f4c9befc82ce}</UniqueIdentifier>
    </Filter>
    <Filter Include="src\Game\Ground">
      <UniqueIdentifier>{4a23c297-2aea-4a18-8770-99a8a049d7e2}</UniqueIdentifier>
    </Filter>
    <Filter Include="src\Game\Objects">
      <UniqueIdentifier>{c460285f-a25e-40ce-8744-661954361116}</UniqueIdentifier>
    </Filter>
    <Filter Include="src\Game\Objects\Car">
      <UniqueIdentifier>{22118cad-2a7f-452f-87ec-fc9dd752a12e}</UniqueIdentifier>
    </Filter>
    <Filter Include="src\Game\Objects\Car\Wheel">
      <UniqueIdentifier>{7824c1b8-eac0-4e53-bc8a-33a86a4a131b}</UniqueIdentifier>
    </Filter>
    <Filter Include="src\UI">
      <UniqueIdentifier>{0789f0ef-9d94-49c5-8eda-7fda4185564f}</UniqueIdentifier>
    </Filter>
    <Filter Include="src\UI\Button">
      <UniqueIdentifier>{818fd6dd-efe2-4443-8a71-371a66eb3704}</UniqueIdentifier>
    </Filter>
    <Filter Include="src\Game\Menus">
      <UniqueIdentifier>{641a3598-6565-40f5-aa1e-d195b48e6724}</UniqueIdentifier>
    </Filter>
    <Filter Include="src\Game\Menus\MainMenu">
      <UniqueIdentifier>{743e396e-bf7f-4f93-999f-ab26c4bb6fbb}</UniqueIdentifier>
    </Filter>
    <Filter Include="src\Game\Menus\Credits">
      <UniqueIdentifier>{fa0baa90-eb2e-4fc5-bdf3-2d49b72192ea}</UniqueIdentifier>
    </Filter>
    <Filter Include="src\UI\Label">
      <UniqueIdentifier>{43731653-c594-40cb-8934-b1e57a32e163}</UniqueIdentifier>
    </Filter>
  </ItemGroup>
  <ItemGroup>
    <ClCompile Include="src\main.cpp">
      <Filter>src</Filter>
    </ClCompile>
    <ClCompile Include="src\LLM_math.cpp">
      <Filter>src\Math</Filter>
    </ClCompile>
    <ClCompile Include="src\file_manager.cpp">
      <Filter>src\File</Filter>
    </ClCompile>
    <ClCompile Include="src\collision.cpp">
      <Filter>src\Game\Physics\Collisions</Filter>
    </ClCompile>
    <ClCompile Include="src\game.cpp">
      <Filter>src\Game</Filter>
    </ClCompile>
    <ClCompile Include="src\rigidbody.cpp">
      <Filter>src\Game\Physics\Rigibody</Filter>
    </ClCompile>
    <ClCompile Include="src\globals.cpp">
      <Filter>src\Game\Globals</Filter>
    </ClCompile>
    <ClCompile Include="src\ground.cpp">
      <Filter>src\Game\Ground</Filter>
    </ClCompile>
    <ClCompile Include="src\irregular.cpp">
      <Filter>src\Math\Shape</Filter>
    </ClCompile>
    <ClCompile Include="src\wheel.cpp">
      <Filter>src\Game\Objects\Car\Wheel</Filter>
    </ClCompile>
    <ClCompile Include="src\car.cpp">
      <Filter>src\Game\Objects\Car</Filter>
    </ClCompile>
    <ClCompile Include="src\transform.cpp">
      <Filter>src\Game\Physics\Transform</Filter>
    </ClCompile>
    <ClCompile Include="src\main_menu.cpp">
      <Filter>src\Game\Menus\MainMenu</Filter>
    </ClCompile>
  </ItemGroup>
  <ItemGroup>
    <ClInclude Include="src\LLM_math.h">
      <Filter>src\Math</Filter>
    </ClInclude>
    <ClInclude Include="src\file_manager.h">
      <Filter>src\File</Filter>
    </ClInclude>
    <ClInclude Include="src\transform.h">
      <Filter>src\Game\Physics\Transform</Filter>
    </ClInclude>
    <ClInclude Include="src\collision.h">
      <Filter>src\Game\Physics\Collisions</Filter>
    </ClInclude>
    <ClInclude Include="src\game.h">
      <Filter>src\Game</Filter>
    </ClInclude>
    <ClInclude Include="src\rigidbody.h">
      <Filter>src\Game\Physics\Rigibody</Filter>
    </ClInclude>
    <ClInclude Include="src\globals.h">
      <Filter>src\Game\Globals</Filter>
    </ClInclude>
    <ClInclude Include="src\irregular.h">
      <Filter>src\Math\Shape</Filter>
    </ClInclude>
    <ClInclude Include="src\ground.h">
      <Filter>src\Game\Ground</Filter>
    </ClInclude>
    <ClInclude Include="src\regular.h">
      <Filter>src\Math\Shape</Filter>
    </ClInclude>
    <ClInclude Include="src\wheel.h">
      <Filter>src\Game\Objects\Car\Wheel</Filter>
    </ClInclude>
    <ClInclude Include="src\car.h">
      <Filter>src\Game\Objects\Car</Filter>
    </ClInclude>
    <ClInclude Include="src\main_menu.h">
      <Filter>src\Game\Menus\MainMenu</Filter>
    </ClInclude>
  </ItemGroup>
</Project>